
Microsoft Visual Studio Solution File, Format Version 12.00
# Visual Studio Version 17
VisualStudioVersion = 17.11.35208.52
MinimumVisualStudioVersion = 10.0.40219.1
Project("{9A19103F-16F7-4668-BE54-9A1E7A4F7556}") = "CodePulse_API", "CodePulse_API\CodePulse_API.csproj", "{1AD19859-AA66-48BC-B491-6A00B94A301E}"
EndProject
Global
	GlobalSection(SolutionConfigurationPlatforms) = preSolution
		Debug|Any CPU = Debug|Any CPU
		Release|Any CPU = Release|Any CPU
	EndGlobalSection
	GlobalSection(ProjectConfigurationPlatforms) = postSolution
		{1AD19859-AA66-48BC-B491-6A00B94A301E}.Debug|Any CPU.ActiveCfg = Debug|Any CPU
		{1AD19859-AA66-48BC-B491-6A00B94A301E}.Debug|Any CPU.Build.0 = Debug|Any CPU
		{1AD19859-AA66-48BC-B491-6A00B94A301E}.Release|Any CPU.ActiveCfg = Release|Any CPU
		{1AD19859-AA66-48BC-B491-6A00B94A301E}.Release|Any CPU.Build.0 = Release|Any CPU
	EndGlobalSection
	GlobalSection(SolutionProperties) = preSolution
		HideSolutionNode = FALSE
	EndGlobalSection
	GlobalSection(ExtensibilityGlobals) = postSolution
		SolutionGuid = {EA52C79B-C8B6-42F1-B231-12840B668744}
	EndGlobalSection
EndGlobal
